{
  "originHash" : "c79f31b6020fd2fc55f2487ef9d57b89bb2be82a10d4eda4e774236a3a4c42da",
  "pins" : [
    {
      "identity" : "swifthttpclient",
      "kind" : "remoteSourceControl",
      "location" : "https://github.com/steventong/SwiftHttpClient",
      "state" : {
        "revision" : "cffc6bcf1e0e2a8cbe8307aa7e0a4d10b877ab9f"
      }
    }
  ],
  "version" : 3
}
