{
  "originHash" : "bcf25a43850a16da04783b03f365a25252ee2af198596267eab1a7c92736849a",
  "pins" : [
    {
      "identity" : "swifthttpclient",
      "kind" : "remoteSourceControl",
      "location" : "https://github.com/steventong/SwiftHttpClient",
      "state" : {
        "branch" : "main",
        "revision" : "49c78be128a1dc37a86e5afacc64af373b04326d"
      }
    }
  ],
  "version" : 3
}
