{
  "originHash" : "9cd4f0025c6f956e12d442cb9cd6ea31cb8298b1668ce66406c46de247d7f90a",
  "pins" : [
    {
      "identity" : "swifthttpclient",
      "kind" : "remoteSourceControl",
      "location" : "https://github.com/steventong/SwiftHttpClient",
      "state" : {
        "branch" : "main",
        "revision" : "522e825cce61de39c909a6731edaacbd4d28a55f"
      }
    }
  ],
  "version" : 3
}
